
Microsoft Visual Studio Solution File, Format Version 12.00
# Visual Studio Version 16
VisualStudioVersion = 16.0.31205.134
MinimumVisualStudioVersion = 10.0.40219.1
Project("{9A19103F-16F7-4668-BE54-9A1E7A4F7556}") = "A2CMobile.Api", "src\A2CMobile.Api\A2CMobile.Api.csproj", "{133B5DDD-88C9-4EB6-8EB1-DFC532E6FCFE}"
EndProject
Project("{9A19103F-16F7-4668-BE54-9A1E7A4F7556}") = "A2CMobile.Api.Test", "test\A2CMobile.Api.Test\A2CMobile.Api.Test.csproj", "{E78A6817-A3A6-405E-97EE-40B6835C3BB6}"
EndProject
Project("{2150E333-8FDC-42A3-9474-1A3956D46DE8}") = "Solution Items", "Solution Items", "{DD79F678-7970-4724-ABF6-B0C5924E456D}"
	ProjectSection(SolutionItems) = preProject
		.editorconfig = .editorconfig
		.gitattributes = .gitattributes
		.gitignore = .gitignore
		GlobalSuppressions.cs = GlobalSuppressions.cs
	EndProjectSection
EndProject
Global
	GlobalSection(SolutionConfigurationPlatforms) = preSolution
		Debug|Any CPU = Debug|Any CPU
		Release|Any CPU = Release|Any CPU
	EndGlobalSection
	GlobalSection(ProjectConfigurationPlatforms) = postSolution
		{133B5DDD-88C9-4EB6-8EB1-DFC532E6FCFE}.Debug|Any CPU.ActiveCfg = Debug|Any CPU
		{133B5DDD-88C9-4EB6-8EB1-DFC532E6FCFE}.Debug|Any CPU.Build.0 = Debug|Any CPU
		{133B5DDD-88C9-4EB6-8EB1-DFC532E6FCFE}.Release|Any CPU.ActiveCfg = Release|Any CPU
		{133B5DDD-88C9-4EB6-8EB1-DFC532E6FCFE}.Release|Any CPU.Build.0 = Release|Any CPU
		{E78A6817-A3A6-405E-97EE-40B6835C3BB6}.Debug|Any CPU.ActiveCfg = Debug|Any CPU
		{E78A6817-A3A6-405E-97EE-40B6835C3BB6}.Debug|Any CPU.Build.0 = Debug|Any CPU
		{E78A6817-A3A6-405E-97EE-40B6835C3BB6}.Release|Any CPU.ActiveCfg = Release|Any CPU
		{E78A6817-A3A6-405E-97EE-40B6835C3BB6}.Release|Any CPU.Build.0 = Release|Any CPU
	EndGlobalSection
	GlobalSection(SolutionProperties) = preSolution
		HideSolutionNode = FALSE
	EndGlobalSection
	GlobalSection(ExtensibilityGlobals) = postSolution
		SolutionGuid = {7818E080-B139-4E0B-92EE-9BECB3FAB904}
	EndGlobalSection
EndGlobal
